
Microsoft Visual Studio Solution File, Format Version 12.00
# Visual Studio Version 17
VisualStudioVersion = 17.6.33723.286
MinimumVisualStudioVersion = 10.0.40219.1
Project("{9A19103F-16F7-4668-BE54-9A1E7A4F7556}") = "aspMVCstore", "aspMVCstore.csproj", "{8F710D15-1ED1-4B4D-A1FC-5A4C66492E35}"
EndProject
Project("{2150E333-8FDC-42A3-9474-1A3956D46DE8}") = "Core", "Core", "{C1C3D503-2820-4CED-92DB-248ADF72C88B}"
EndProject
Project("{9A19103F-16F7-4668-BE54-9A1E7A4F7556}") = "Domain", "..\Domain\Domain.csproj", "{C10E06E3-9A72-40EC-A61E-7F161DF4492C}"
EndProject
Project("{9A19103F-16F7-4668-BE54-9A1E7A4F7556}") = "Services.Abstractions", "..\Services.Abstractions\Services.Abstractions.csproj", "{6623BC3A-5A41-40C3-A9BF-CE1BEA576B59}"
EndProject
Project("{9A19103F-16F7-4668-BE54-9A1E7A4F7556}") = "Services", "..\Services\Services.csproj", "{E2CE9DBF-15AD-4A70-8638-25CA328278F5}"
EndProject
Project("{9A19103F-16F7-4668-BE54-9A1E7A4F7556}") = "Contracts", "..\Contracts\Contracts.csproj", "{823B08B4-3146-402C-90AE-470D871A35A4}"
EndProject
Project("{2150E333-8FDC-42A3-9474-1A3956D46DE8}") = "Infrastructure", "Infrastructure", "{6125B5C0-8F38-4636-A960-21DBC9105B84}"
EndProject
Project("{9A19103F-16F7-4668-BE54-9A1E7A4F7556}") = "Persistence", "..\Persistence\Persistence.csproj", "{7FB322D7-E62D-4395-9097-C8474EA133B3}"
EndProject
Project("{9A19103F-16F7-4668-BE54-9A1E7A4F7556}") = "Presentation", "..\Presentation\Presentation.csproj", "{FA3B503E-10D9-4BBC-A7F4-341153D7A334}"
EndProject
Project("{FAE04EC0-301F-11D3-BF4B-00C04F79EFBC}") = "Identity", "..\Identity\Identity.csproj", "{F0386C2B-9DB4-4779-AFE1-B46170A1F46A}"
EndProject
Global
	GlobalSection(SolutionConfigurationPlatforms) = preSolution
		Debug|Any CPU = Debug|Any CPU
		Release|Any CPU = Release|Any CPU
	EndGlobalSection
	GlobalSection(ProjectConfigurationPlatforms) = postSolution
		{8F710D15-1ED1-4B4D-A1FC-5A4C66492E35}.Debug|Any CPU.ActiveCfg = Debug|Any CPU
		{8F710D15-1ED1-4B4D-A1FC-5A4C66492E35}.Debug|Any CPU.Build.0 = Debug|Any CPU
		{8F710D15-1ED1-4B4D-A1FC-5A4C66492E35}.Release|Any CPU.ActiveCfg = Release|Any CPU
		{8F710D15-1ED1-4B4D-A1FC-5A4C66492E35}.Release|Any CPU.Build.0 = Release|Any CPU
		{C10E06E3-9A72-40EC-A61E-7F161DF4492C}.Debug|Any CPU.ActiveCfg = Debug|Any CPU
		{C10E06E3-9A72-40EC-A61E-7F161DF4492C}.Debug|Any CPU.Build.0 = Debug|Any CPU
		{C10E06E3-9A72-40EC-A61E-7F161DF4492C}.Release|Any CPU.ActiveCfg = Release|Any CPU
		{C10E06E3-9A72-40EC-A61E-7F161DF4492C}.Release|Any CPU.Build.0 = Release|Any CPU
		{6623BC3A-5A41-40C3-A9BF-CE1BEA576B59}.Debug|Any CPU.ActiveCfg = Debug|Any CPU
		{6623BC3A-5A41-40C3-A9BF-CE1BEA576B59}.Debug|Any CPU.Build.0 = Debug|Any CPU
		{6623BC3A-5A41-40C3-A9BF-CE1BEA576B59}.Release|Any CPU.ActiveCfg = Release|Any CPU
		{6623BC3A-5A41-40C3-A9BF-CE1BEA576B59}.Release|Any CPU.Build.0 = Release|Any CPU
		{E2CE9DBF-15AD-4A70-8638-25CA328278F5}.Debug|Any CPU.ActiveCfg = Debug|Any CPU
		{E2CE9DBF-15AD-4A70-8638-25CA328278F5}.Debug|Any CPU.Build.0 = Debug|Any CPU
		{E2CE9DBF-15AD-4A70-8638-25CA328278F5}.Release|Any CPU.ActiveCfg = Release|Any CPU
		{E2CE9DBF-15AD-4A70-8638-25CA328278F5}.Release|Any CPU.Build.0 = Release|Any CPU
		{823B08B4-3146-402C-90AE-470D871A35A4}.Debug|Any CPU.ActiveCfg = Debug|Any CPU
		{823B08B4-3146-402C-90AE-470D871A35A4}.Debug|Any CPU.Build.0 = Debug|Any CPU
		{823B08B4-3146-402C-90AE-470D871A35A4}.Release|Any CPU.ActiveCfg = Release|Any CPU
		{823B08B4-3146-402C-90AE-470D871A35A4}.Release|Any CPU.Build.0 = Release|Any CPU
		{7FB322D7-E62D-4395-9097-C8474EA133B3}.Debug|Any CPU.ActiveCfg = Debug|Any CPU
		{7FB322D7-E62D-4395-9097-C8474EA133B3}.Debug|Any CPU.Build.0 = Debug|Any CPU
		{7FB322D7-E62D-4395-9097-C8474EA133B3}.Release|Any CPU.ActiveCfg = Release|Any CPU
		{7FB322D7-E62D-4395-9097-C8474EA133B3}.Release|Any CPU.Build.0 = Release|Any CPU
		{FA3B503E-10D9-4BBC-A7F4-341153D7A334}.Debug|Any CPU.ActiveCfg = Debug|Any CPU
		{FA3B503E-10D9-4BBC-A7F4-341153D7A334}.Debug|Any CPU.Build.0 = Debug|Any CPU
		{FA3B503E-10D9-4BBC-A7F4-341153D7A334}.Release|Any CPU.ActiveCfg = Release|Any CPU
		{FA3B503E-10D9-4BBC-A7F4-341153D7A334}.Release|Any CPU.Build.0 = Release|Any CPU
		{F0386C2B-9DB4-4779-AFE1-B46170A1F46A}.Debug|Any CPU.ActiveCfg = Debug|Any CPU
		{F0386C2B-9DB4-4779-AFE1-B46170A1F46A}.Debug|Any CPU.Build.0 = Debug|Any CPU
		{F0386C2B-9DB4-4779-AFE1-B46170A1F46A}.Release|Any CPU.ActiveCfg = Release|Any CPU
		{F0386C2B-9DB4-4779-AFE1-B46170A1F46A}.Release|Any CPU.Build.0 = Release|Any CPU
	EndGlobalSection
	GlobalSection(SolutionProperties) = preSolution
		HideSolutionNode = FALSE
	EndGlobalSection
	GlobalSection(NestedProjects) = preSolution
		{C10E06E3-9A72-40EC-A61E-7F161DF4492C} = {C1C3D503-2820-4CED-92DB-248ADF72C88B}
		{6623BC3A-5A41-40C3-A9BF-CE1BEA576B59} = {C1C3D503-2820-4CED-92DB-248ADF72C88B}
		{E2CE9DBF-15AD-4A70-8638-25CA328278F5} = {C1C3D503-2820-4CED-92DB-248ADF72C88B}
		{823B08B4-3146-402C-90AE-470D871A35A4} = {C1C3D503-2820-4CED-92DB-248ADF72C88B}
		{7FB322D7-E62D-4395-9097-C8474EA133B3} = {6125B5C0-8F38-4636-A960-21DBC9105B84}
		{FA3B503E-10D9-4BBC-A7F4-341153D7A334} = {6125B5C0-8F38-4636-A960-21DBC9105B84}
		{F0386C2B-9DB4-4779-AFE1-B46170A1F46A} = {6125B5C0-8F38-4636-A960-21DBC9105B84}
	EndGlobalSection
	GlobalSection(ExtensibilityGlobals) = postSolution
		SolutionGuid = {0B10EDD5-1E6B-4A7B-8134-7A49FB344C9A}
	EndGlobalSection
EndGlobal
